
Microsoft Visual Studio Solution File, Format Version 12.00
# Visual Studio Version 17
VisualStudioVersion = 17.9.34622.214
MinimumVisualStudioVersion = 10.0.40219.1
Project("{FAE04EC0-301F-11D3-BF4B-00C04F79EFBC}") = "ATM_MACHINE_PROJECT", "ATM_MACHINE_PROJECT.csproj", "{BB7C8049-F1A0-4619-8AC8-51BFB0816CBF}"
EndProject
Global
	GlobalSection(SolutionConfigurationPlatforms) = preSolution
		Debug|Any CPU = Debug|Any CPU
		Release|Any CPU = Release|Any CPU
	EndGlobalSection
	GlobalSection(ProjectConfigurationPlatforms) = postSolution
		{BB7C8049-F1A0-4619-8AC8-51BFB0816CBF}.Debug|Any CPU.ActiveCfg = Debug|Any CPU
		{BB7C8049-F1A0-4619-8AC8-51BFB0816CBF}.Debug|Any CPU.Build.0 = Debug|Any CPU
		{BB7C8049-F1A0-4619-8AC8-51BFB0816CBF}.Release|Any CPU.ActiveCfg = Release|Any CPU
		{BB7C8049-F1A0-4619-8AC8-51BFB0816CBF}.Release|Any CPU.Build.0 = Release|Any CPU
	EndGlobalSection
	GlobalSection(SolutionProperties) = preSolution
		HideSolutionNode = FALSE
	EndGlobalSection
	GlobalSection(ExtensibilityGlobals) = postSolution
		SolutionGuid = {07CCB2AF-B052-48E1-88A3-AEB0E4694510}
	EndGlobalSection
EndGlobal
